<?xml version="1.0" encoding="utf-8"?>
<Project ToolsVersion="4.0" xmlns="http://schemas.microsoft.com/developer/msbuild/2003">
  <ItemGroup>
    <Filter Include="Resource Files">
      <UniqueIdentifier>{67DA6AB6-F800-4c08-8B7A-83BB121AAD01}</UniqueIdentifier>
      <Extensions>rc;ico;cur;bmp;dlg;rc2;rct;bin;rgs;gif;jpg;jpeg;jpe;resx;tiff;tif;png;wav;mfcribbon-ms</Extensions>
    </Filter>
    <Filter Include="Source">
      <UniqueIdentifier>{e4bc45f2-bc7c-4cea-bb69-be1fabdac498}</UniqueIdentifier>
    </Filter>
    <Filter Include="Source\glew">
      <UniqueIdentifier>{1228fb2e-d026-4eee-81f6-0d7df8c63143}</UniqueIdentifier>
    </Filter>
    <Filter Include="Source\glew\include">
      <UniqueIdentifier>{b38077d4-3376-4bb4-ad37-f702496170b2}</UniqueIdentifier>
    </Filter>
    <Filter Include="Source\glew\src">
      <UniqueIdentifier>{890e91d0-5f1b-4e50-bc46-c1e0a808a2ab}</UniqueIdentifier>
    </Filter>
    <Filter Include="Source\glew\include\GL">
      <UniqueIdentifier>{1a85b53b-2818-4bf6-8676-6001bcaeb370}</UniqueIdentifier>
    </Filter>
    <Filter Include="Source\TFE_System">
      <UniqueIdentifier>{ebf71e02-80ad-4702-a373-012052d406bc}</UniqueIdentifier>
    </Filter>
    <Filter Include="Source\TFE_Input">
      <UniqueIdentifier>{3a0682bb-4a78-4913-9955-2a21320aba01}</UniqueIdentifier>
    </Filter>
    <Filter Include="Source\TFE_Ui">
      <UniqueIdentifier>{aba68a93-10de-498a-8a54-ea43f24a4daa}</UniqueIdentifier>
    </Filter>
    <Filter Include="Source\TFE_Ui\imGUI">
      <UniqueIdentifier>{68fab648-63a8-4293-b7b4-7fbf8ba6e6c9}</UniqueIdentifier>
    </Filter>
    <Filter Include="Source\TFE_FileSystem">
      <UniqueIdentifier>{6c511967-59a2-46a6-89ea-83c258bbab1d}</UniqueIdentifier>
    </Filter>
    <Filter Include="Source\TFE_Renderer">
      <UniqueIdentifier>{5e2ddf97-f9fe-4a81-bcf9-551cb94251b7}</UniqueIdentifier>
    </Filter>
    <Filter Include="Source\TFE_Renderer\TFE_SoftRenderCPU">
      <UniqueIdentifier>{74bb86b0-f06c-4583-b7a8-5dccd1fce465}</UniqueIdentifier>
    </Filter>
    <Filter Include="Source\TFE_Settings">
      <UniqueIdentifier>{ef6de83e-9331-4ec3-a8e7-1af08d047a9d}</UniqueIdentifier>
    </Filter>
    <Filter Include="Source\TFE_Archive">
      <UniqueIdentifier>{7f0b8e84-1b30-41dc-8dd1-3af94a588ff1}</UniqueIdentifier>
    </Filter>
    <Filter Include="Source\TFE_Editor">
      <UniqueIdentifier>{f94316a4-c755-422d-9653-514822ae5e1a}</UniqueIdentifier>
    </Filter>
    <Filter Include="Source\TFE_Ui\imGUI\Dirent">
      <UniqueIdentifier>{50e6eea5-e12a-4e74-87f9-de96ae5de258}</UniqueIdentifier>
    </Filter>
    <Filter Include="Source\TFE_Asset">
      <UniqueIdentifier>{67ef4364-5919-42c0-887c-cc3818121db5}</UniqueIdentifier>
    </Filter>
    <Filter Include="Source\TFE_Game">
      <UniqueIdentifier>{0a664b9e-5f55-4f7b-955c-711546e09a03}</UniqueIdentifier>
    </Filter>
    <Filter Include="Source\TFE_ScriptSystem">
      <UniqueIdentifier>{2dd51e17-513d-4c42-9e08-99285a96d717}</UniqueIdentifier>
    </Filter>
    <Filter Include="Source\Scripts">
      <UniqueIdentifier>{cc3599c1-ef7d-4bd9-baff-43ab40a8f149}</UniqueIdentifier>
    </Filter>
    <Filter Include="Source\Scripts\Logics">
      <UniqueIdentifier>{cd30f449-83c9-4d78-9f4d-c69636059cbb}</UniqueIdentifier>
    </Filter>
    <Filter Include="Source\TFE_ScriptSystem\add_on">
      <UniqueIdentifier>{73c1ef01-cf47-4e2f-9b48-a8fda28105f2}</UniqueIdentifier>
    </Filter>
    <Filter Include="Source\TFE_ScriptSystem\add_on\scriptstdstring">
      <UniqueIdentifier>{afad1863-7fab-4f39-8af1-9124c21cc8d7}</UniqueIdentifier>
    </Filter>
    <Filter Include="Source\TFE_ScriptSystem\add_on\scriptbuilder">
      <UniqueIdentifier>{2ab57aca-2b04-4e0e-8b10-7806e83f385d}</UniqueIdentifier>
    </Filter>
    <Filter Include="Source\TFE_ScriptSystem\add_on\scriptarray">
      <UniqueIdentifier>{dc246ae5-231b-47e2-bff2-b6c3cd306013}</UniqueIdentifier>
    </Filter>
    <Filter Include="Source\TFE_LogicSystem">
      <UniqueIdentifier>{7f16273c-1780-47fa-b722-ca88daa62553}</UniqueIdentifier>
    </Filter>
    <Filter Include="Source\Scripts\Weapons">
      <UniqueIdentifier>{02c72b97-39bf-4d84-afc1-2ae96b72fff2}</UniqueIdentifier>
    </Filter>
    <Filter Include="Source\TFE_WeaponSystem">
      <UniqueIdentifier>{e559bdb1-a166-4b7b-b7f6-56b56630f4bc}</UniqueIdentifier>
    </Filter>
    <Filter Include="Source\TFE_InfSystem">
      <UniqueIdentifier>{33f9fd16-37b7-46c6-a812-f1fe68aabcb9}</UniqueIdentifier>
    </Filter>
    <Filter Include="Source\TFE_Polygon">
      <UniqueIdentifier>{7bc61a74-1f16-4dba-aa19-98a7412735fa}</UniqueIdentifier>
    </Filter>
    <Filter Include="Source\TFE_RenderBackend">
      <UniqueIdentifier>{14eb510b-49f0-4f69-a5dd-e4a87d0c55e0}</UniqueIdentifier>
    </Filter>
    <Filter Include="Source\TFE_RenderBackend\Win32OpenGL">
      <UniqueIdentifier>{24d26e54-31bd-4025-ab27-6adadcd8eeb1}</UniqueIdentifier>
    </Filter>
    <Filter Include="Source\Shaders">
      <UniqueIdentifier>{611fa99b-a25f-4491-96c8-c9b3bc0bc331}</UniqueIdentifier>
    </Filter>
    <Filter Include="Source\TFE_Editor\Rendering">
      <UniqueIdentifier>{7c36ac8c-b077-418a-a7b9-5355961093d4}</UniqueIdentifier>
    </Filter>
    <Filter Include="Source\TFE_Editor\Help">
      <UniqueIdentifier>{359d6537-4a20-4279-aad7-423dc2254889}</UniqueIdentifier>
    </Filter>
    <Filter Include="Documentation">
      <UniqueIdentifier>{1cacf2da-5cbb-4ac8-8571-01d106636e3c}</UniqueIdentifier>
    </Filter>
    <Filter Include="Documentation\markdown">
      <UniqueIdentifier>{6814371d-e9b6-4021-8e0a-1c36702e9f76}</UniqueIdentifier>
    </Filter>
    <Filter Include="Documentation\markdown\Game">
      <UniqueIdentifier>{bcba4e73-dab5-4cd8-b3ba-b19d41e1e2ae}</UniqueIdentifier>
    </Filter>
    <Filter Include="Source\TFE_Audio">
      <UniqueIdentifier>{c72c8565-5f70-4ecc-8a91-352dbc222cd9}</UniqueIdentifier>
    </Filter>
    <Filter Include="Source\TFE_FrontEndUI">
      <UniqueIdentifier>{a8504c90-e13a-4a84-b3dc-faa166cfaabf}</UniqueIdentifier>
    </Filter>
    <Filter Include="Source\TFE_Game\GameUI">
      <UniqueIdentifier>{b1b96865-8280-4732-98ed-98963f450bd9}</UniqueIdentifier>
    </Filter>
    <Filter Include="Source\TFE_System\Threads">
      <UniqueIdentifier>{f874d79b-66c7-41e5-a393-96ab92bea739}</UniqueIdentifier>
    </Filter>
    <Filter Include="Source\TFE_System\Threads\Win32">
      <UniqueIdentifier>{1389f658-d350-4b30-91ca-293ec673341e}</UniqueIdentifier>
    </Filter>
    <Filter Include="Source\TFE_Settings\registry">
      <UniqueIdentifier>{10925be4-50d6-4ecd-af01-46e353a79d4b}</UniqueIdentifier>
    </Filter>
    <Filter Include="Source\TFE_PostProcess">
      <UniqueIdentifier>{17a1b5a3-c20e-4777-bd0e-2774b8180e3e}</UniqueIdentifier>
    </Filter>
    <Filter Include="Source\TFE_JediRenderer">
      <UniqueIdentifier>{b09f4a8e-9bcf-4136-bac7-d14c1edac29d}</UniqueIdentifier>
    </Filter>
    <Filter Include="Source\TFE_JediRenderer\RClassic_GPU">
      <UniqueIdentifier>{908c367e-92dc-4ed4-90b4-1da23721b51e}</UniqueIdentifier>
    </Filter>
    <Filter Include="Source\TFE_JediRenderer\RClassic_Float">
      <UniqueIdentifier>{eabeec0c-30ed-4f6d-9923-a286a91f29e5}</UniqueIdentifier>
    </Filter>
    <Filter Include="Source\TFE_JediRenderer\RClassic_Fixed">
      <UniqueIdentifier>{67dc1bc3-8fdf-4b20-8c04-013ded47a58b}</UniqueIdentifier>
    </Filter>
    <Filter Include="Source\TFE_JediRenderer\RClassic_Fixed\robj3d_fixed">
      <UniqueIdentifier>{b3c8a678-078c-436f-b641-632d3e264fe3}</UniqueIdentifier>
    </Filter>
    <Filter Include="Source\TFE_JediRenderer\RClassic_Float\robj3d_float">
      <UniqueIdentifier>{ce79367c-67c1-4b10-a6a3-1f434c2c5842}</UniqueIdentifier>
    </Filter>
    <Filter Include="Source\TFE_Archive\zip">
      <UniqueIdentifier>{f069b311-4842-4982-aa48-6848b3f3fa66}</UniqueIdentifier>
    </Filter>
    <Filter Include="Source\TFE_Collision">
      <UniqueIdentifier>{a95df4bd-a7b6-468e-b173-6ff5924e1611}</UniqueIdentifier>
    </Filter>
    <Filter Include="Source\TFE_Level">
      <UniqueIdentifier>{f01ea6ec-1b8c-41e5-ab68-e7a5c6690cfd}</UniqueIdentifier>
    </Filter>
    <Filter Include="Source\TFE_DarkForces">
      <UniqueIdentifier>{59add6c8-e836-4893-8f69-97d12c01fcbc}</UniqueIdentifier>
    </Filter>
    <Filter Include="Source\TFE_Memory">
      <UniqueIdentifier>{934faa67-d3c0-48db-9212-681043f4bf1b}</UniqueIdentifier>
    </Filter>
  </ItemGroup>
  <ItemGroup>
    <ClInclude Include="main.h">
      <Filter>Source</Filter>
    </ClInclude>
    <ClInclude Include="Resource.h">
      <Filter>Source</Filter>
    </ClInclude>
    <ClInclude Include="stdafx.h">
      <Filter>Source</Filter>
    </ClInclude>
    <ClInclude Include="targetver.h">
      <Filter>Source</Filter>
    </ClInclude>
    <ClInclude Include="glew\include\GL\glew.h">
      <Filter>Source\glew\include\GL</Filter>
    </ClInclude>
    <ClInclude Include="glew\include\GL\glxew.h">
      <Filter>Source\glew\include\GL</Filter>
    </ClInclude>
    <ClInclude Include="glew\include\GL\wglew.h">
      <Filter>Source\glew\include\GL</Filter>
    </ClInclude>
    <ClInclude Include="TFE_System\types.h">
      <Filter>Source\TFE_System</Filter>
    </ClInclude>
    <ClInclude Include="TFE_Input\input.h">
      <Filter>Source\TFE_Input</Filter>
    </ClInclude>
    <ClInclude Include="TFE_Input\inputEnum.h">
      <Filter>Source\TFE_Input</Filter>
    </ClInclude>
    <ClInclude Include="TFE_Ui\imGUI\imconfig.h">
      <Filter>Source\TFE_Ui\imGUI</Filter>
    </ClInclude>
    <ClInclude Include="TFE_Ui\imGUI\imgui.h">
      <Filter>Source\TFE_Ui\imGUI</Filter>
    </ClInclude>
    <ClInclude Include="TFE_Ui\imGUI\imgui_impl_opengl3.h">
      <Filter>Source\TFE_Ui\imGUI</Filter>
    </ClInclude>
    <ClInclude Include="TFE_Ui\imGUI\imgui_impl_sdl.h">
      <Filter>Source\TFE_Ui\imGUI</Filter>
    </ClInclude>
    <ClInclude Include="TFE_Ui\imGUI\imgui_internal.h">
      <Filter>Source\TFE_Ui\imGUI</Filter>
    </ClInclude>
    <ClInclude Include="TFE_Ui\imGUI\imstb_rectpack.h">
      <Filter>Source\TFE_Ui\imGUI</Filter>
    </ClInclude>
    <ClInclude Include="TFE_Ui\imGUI\imstb_textedit.h">
      <Filter>Source\TFE_Ui\imGUI</Filter>
    </ClInclude>
    <ClInclude Include="TFE_Ui\imGUI\imstb_truetype.h">
      <Filter>Source\TFE_Ui\imGUI</Filter>
    </ClInclude>
    <ClInclude Include="TFE_Ui\ui.h">
      <Filter>Source\TFE_Ui</Filter>
    </ClInclude>
    <ClInclude Include="TFE_System\system.h">
      <Filter>Source\TFE_System</Filter>
    </ClInclude>
    <ClInclude Include="TFE_FileSystem\filestream.h">
      <Filter>Source\TFE_FileSystem</Filter>
    </ClInclude>
    <ClInclude Include="TFE_FileSystem\fileutil.h">
      <Filter>Source\TFE_FileSystem</Filter>
    </ClInclude>
    <ClInclude Include="TFE_FileSystem\stream.h">
      <Filter>Source\TFE_FileSystem</Filter>
    </ClInclude>
    <ClInclude Include="TFE_Renderer\renderer.h">
      <Filter>Source\TFE_Renderer</Filter>
    </ClInclude>
    <ClInclude Include="TFE_Renderer\TFE_SoftRenderCPU\renderer_softCPU.h">
      <Filter>Source\TFE_Renderer\TFE_SoftRenderCPU</Filter>
    </ClInclude>
    <ClInclude Include="TFE_FileSystem\paths.h">
      <Filter>Source\TFE_FileSystem</Filter>
    </ClInclude>
    <ClInclude Include="TFE_Settings\settings.h">
      <Filter>Source\TFE_Settings</Filter>
    </ClInclude>
    <ClInclude Include="TFE_Archive\archive.h">
      <Filter>Source\TFE_Archive</Filter>
    </ClInclude>
    <ClInclude Include="TFE_Archive\gobArchive.h">
      <Filter>Source\TFE_Archive</Filter>
    </ClInclude>
    <ClInclude Include="TFE_Editor\editor.h">
      <Filter>Source\TFE_Editor</Filter>
    </ClInclude>
    <ClInclude Include="TFE_Editor\perfWindow.h">
      <Filter>Source\TFE_Editor</Filter>
    </ClInclude>
    <ClInclude Include="TFE_Ui\imGUI\Dirent\dirent.h">
      <Filter>Source\TFE_Ui\imGUI\Dirent</Filter>
    </ClInclude>
    <ClInclude Include="TFE_Archive\lfdArchive.h">
      <Filter>Source\TFE_Archive</Filter>
    </ClInclude>
    <ClInclude Include="TFE_Editor\archiveViewer.h">
      <Filter>Source\TFE_Editor</Filter>
    </ClInclude>
    <ClInclude Include="TFE_System\parser.h">
      <Filter>Source\TFE_System</Filter>
    </ClInclude>
    <ClInclude Include="TFE_Asset\paletteAsset.h">
      <Filter>Source\TFE_Asset</Filter>
    </ClInclude>
    <ClInclude Include="TFE_Asset\textureAsset.h">
      <Filter>Source\TFE_Asset</Filter>
    </ClInclude>
    <ClInclude Include="TFE_Asset\levelAsset.h">
      <Filter>Source\TFE_Asset</Filter>
    </ClInclude>
    <ClInclude Include="TFE_Asset\fontAsset.h">
      <Filter>Source\TFE_Asset</Filter>
    </ClInclude>
    <ClInclude Include="TFE_Asset\spriteAsset.h">
      <Filter>Source\TFE_Asset</Filter>
    </ClInclude>
    <ClInclude Include="TFE_Asset\colormapAsset.h">
      <Filter>Source\TFE_Asset</Filter>
    </ClInclude>
    <ClInclude Include="TFE_System\math.h">
      <Filter>Source\TFE_System</Filter>
    </ClInclude>
    <ClInclude Include="TFE_Asset\assetSystem.h">
      <Filter>Source\TFE_Asset</Filter>
    </ClInclude>
    <ClInclude Include="TFE_Asset\levelObjectsAsset.h">
      <Filter>Source\TFE_Asset</Filter>
    </ClInclude>
    <ClInclude Include="TFE_Asset\logicTypes.h">
      <Filter>Source\TFE_Asset</Filter>
    </ClInclude>
    <ClInclude Include="TFE_Asset\modelAsset.h">
      <Filter>Source\TFE_Asset</Filter>
    </ClInclude>
    <ClInclude Include="TFE_Game\geometry.h">
      <Filter>Source\TFE_Game</Filter>
    </ClInclude>
    <ClInclude Include="TFE_Game\physics.h">
      <Filter>Source\TFE_Game</Filter>
    </ClInclude>
    <ClInclude Include="TFE_Game\player.h">
      <Filter>Source\TFE_Game</Filter>
    </ClInclude>
    <ClInclude Include="TFE_Game\gameLoop.h">
      <Filter>Source\TFE_Game</Filter>
    </ClInclude>
    <ClInclude Include="TFE_Game\gameHud.h">
      <Filter>Source\TFE_Game</Filter>
    </ClInclude>
    <ClInclude Include="TFE_ScriptSystem\scriptSystem.h">
      <Filter>Source\TFE_ScriptSystem</Filter>
    </ClInclude>
    <ClInclude Include="TFE_ScriptSystem\AngelScript\sdk\add_on\scriptstdstring\scriptstdstring.h">
      <Filter>Source\TFE_ScriptSystem\add_on\scriptstdstring</Filter>
    </ClInclude>
    <ClInclude Include="TFE_ScriptSystem\AngelScript\sdk\add_on\scriptbuilder\scriptbuilder.h">
      <Filter>Source\TFE_ScriptSystem\add_on\scriptbuilder</Filter>
    </ClInclude>
    <ClInclude Include="TFE_ScriptSystem\AngelScript\sdk\add_on\scriptarray\scriptarray.h">
      <Filter>Source\TFE_ScriptSystem\add_on\scriptarray</Filter>
    </ClInclude>
    <ClInclude Include="TFE_LogicSystem\logicSystem.h">
      <Filter>Source\TFE_LogicSystem</Filter>
    </ClInclude>
    <ClInclude Include="TFE_Game\gameObject.h">
      <Filter>Source\TFE_Game</Filter>
    </ClInclude>
    <ClInclude Include="TFE_WeaponSystem\weaponSystem.h">
      <Filter>Source\TFE_WeaponSystem</Filter>
    </ClInclude>
    <ClInclude Include="TFE_WeaponSystem\weapons.h">
      <Filter>Source\TFE_WeaponSystem</Filter>
    </ClInclude>
    <ClInclude Include="TFE_Asset\gameMessages.h">
      <Filter>Source\TFE_Asset</Filter>
    </ClInclude>
    <ClInclude Include="TFE_Asset\levelList.h">
      <Filter>Source\TFE_Asset</Filter>
    </ClInclude>
    <ClInclude Include="TFE_InfSystem\infSystem.h">
      <Filter>Source\TFE_InfSystem</Filter>
    </ClInclude>
    <ClInclude Include="TFE_Asset\infAsset.h">
      <Filter>Source\TFE_Asset</Filter>
    </ClInclude>
    <ClInclude Include="TFE_System\memoryPool.h">
      <Filter>Source\TFE_System</Filter>
    </ClInclude>
    <ClInclude Include="TFE_Game\level.h">
      <Filter>Source\TFE_Game</Filter>
    </ClInclude>
    <ClInclude Include="TFE_Editor\levelEditor.h">
      <Filter>Source\TFE_Editor</Filter>
    </ClInclude>
    <ClInclude Include="TFE_Asset\imageAsset.h">
      <Filter>Source\TFE_Asset</Filter>
    </ClInclude>
    <ClInclude Include="TFE_Polygon\clipper.hpp">
      <Filter>Source\TFE_Polygon</Filter>
    </ClInclude>
    <ClInclude Include="TFE_Polygon\MPE_fastpoly2tri.h">
      <Filter>Source\TFE_Polygon</Filter>
    </ClInclude>
    <ClInclude Include="TFE_Polygon\polygon.h">
      <Filter>Source\TFE_Polygon</Filter>
    </ClInclude>
    <ClInclude Include="TFE_RenderBackend\Win32OpenGL\renderTarget.h">
      <Filter>Source\TFE_RenderBackend\Win32OpenGL</Filter>
    </ClInclude>
    <ClInclude Include="TFE_RenderBackend\renderBackend.h">
      <Filter>Source\TFE_RenderBackend</Filter>
    </ClInclude>
    <ClInclude Include="TFE_RenderBackend\indexBuffer.h">
      <Filter>Source\TFE_RenderBackend</Filter>
    </ClInclude>
    <ClInclude Include="TFE_RenderBackend\shader.h">
      <Filter>Source\TFE_RenderBackend</Filter>
    </ClInclude>
    <ClInclude Include="TFE_RenderBackend\vertexBuffer.h">
      <Filter>Source\TFE_RenderBackend</Filter>
    </ClInclude>
    <ClInclude Include="TFE_RenderBackend\renderState.h">
      <Filter>Source\TFE_RenderBackend</Filter>
    </ClInclude>
    <ClInclude Include="TFE_Editor\Rendering\lineDraw2d.h">
      <Filter>Source\TFE_Editor\Rendering</Filter>
    </ClInclude>
    <ClInclude Include="TFE_RenderBackend\textureGpu.h">
      <Filter>Source\TFE_RenderBackend</Filter>
    </ClInclude>
    <ClInclude Include="TFE_Editor\Rendering\grid2d.h">
      <Filter>Source\TFE_Editor\Rendering</Filter>
    </ClInclude>
    <ClInclude Include="TFE_Editor\Rendering\trianglesColor2d.h">
      <Filter>Source\TFE_Editor\Rendering</Filter>
    </ClInclude>
    <ClInclude Include="TFE_Editor\Rendering\trianglesTextured2d.h">
      <Filter>Source\TFE_Editor\Rendering</Filter>
    </ClInclude>
    <ClInclude Include="TFE_Editor\Rendering\grid3d.h">
      <Filter>Source\TFE_Editor\Rendering</Filter>
    </ClInclude>
    <ClInclude Include="TFE_Editor\Rendering\lineDraw3d.h">
      <Filter>Source\TFE_Editor\Rendering</Filter>
    </ClInclude>
    <ClInclude Include="TFE_Editor\Rendering\trianglesColor3d.h">
      <Filter>Source\TFE_Editor\Rendering</Filter>
    </ClInclude>
    <ClInclude Include="TFE_Editor\Rendering\editorRender.h">
      <Filter>Source\TFE_Editor\Rendering</Filter>
    </ClInclude>
    <ClInclude Include="TFE_Ui\markdown.h">
      <Filter>Source\TFE_Ui</Filter>
    </ClInclude>
    <ClInclude Include="TFE_Editor\Help\helpWindow.h">
      <Filter>Source\TFE_Editor\Help</Filter>
    </ClInclude>
    <ClInclude Include="TFE_Editor\levelEditorData.h">
      <Filter>Source\TFE_Editor</Filter>
    </ClInclude>
    <ClInclude Include="TFE_Game\gameConstants.h">
      <Filter>Source\TFE_Game</Filter>
    </ClInclude>
    <ClInclude Include="TFE_Archive\labArchive.h">
      <Filter>Source\TFE_Archive</Filter>
    </ClInclude>
    <ClInclude Include="TFE_Asset\vueAsset.h">
      <Filter>Source\TFE_Asset</Filter>
    </ClInclude>
    <ClInclude Include="TFE_Asset\vocAsset.h">
      <Filter>Source\TFE_Asset</Filter>
    </ClInclude>
    <ClInclude Include="TFE_Audio\audioDevice.h">
      <Filter>Source\TFE_Audio</Filter>
    </ClInclude>
    <ClInclude Include="TFE_Audio\audioSystem.h">
      <Filter>Source\TFE_Audio</Filter>
    </ClInclude>
    <ClInclude Include="TFE_Audio\RtAudio.h">
      <Filter>Source\TFE_Audio</Filter>
    </ClInclude>
    <ClInclude Include="TFE_FrontEndUI\frontEndUi.h">
      <Filter>Source\TFE_FrontEndUI</Filter>
    </ClInclude>
    <ClInclude Include="TFE_Game\gameMain.h">
      <Filter>Source\TFE_Game</Filter>
    </ClInclude>
    <ClInclude Include="TFE_Game\GameUI\editBox.h">
      <Filter>Source\TFE_Game\GameUI</Filter>
    </ClInclude>
    <ClInclude Include="TFE_Game\GameUI\gameUi.h">
      <Filter>Source\TFE_Game\GameUI</Filter>
    </ClInclude>
    <ClInclude Include="TFE_Game\GameUI\escMenu.h">
      <Filter>Source\TFE_Game\GameUI</Filter>
    </ClInclude>
    <ClInclude Include="TFE_Game\GameUI\agentMenu.h">
      <Filter>Source\TFE_Game\GameUI</Filter>
    </ClInclude>
    <ClInclude Include="TFE_Audio\midiDevice.h">
      <Filter>Source\TFE_Audio</Filter>
    </ClInclude>
    <ClInclude Include="TFE_Audio\RtMidi.h">
      <Filter>Source\TFE_Audio</Filter>
    </ClInclude>
    <ClInclude Include="TFE_Audio\midi.h">
      <Filter>Source\TFE_Audio</Filter>
    </ClInclude>
    <ClInclude Include="TFE_Asset\gmidAsset.h">
      <Filter>Source\TFE_Asset</Filter>
    </ClInclude>
    <ClInclude Include="TFE_Audio\midiPlayer.h">
      <Filter>Source\TFE_Audio</Filter>
    </ClInclude>
    <ClInclude Include="TFE_System\Threads\mutex.h">
      <Filter>Source\TFE_System\Threads</Filter>
    </ClInclude>
    <ClInclude Include="TFE_System\Threads\signal.h">
      <Filter>Source\TFE_System\Threads</Filter>
    </ClInclude>
    <ClInclude Include="TFE_System\Threads\thread.h">
      <Filter>Source\TFE_System\Threads</Filter>
    </ClInclude>
    <ClInclude Include="TFE_System\Threads\Win32\mutexWin32.h">
      <Filter>Source\TFE_System\Threads\Win32</Filter>
    </ClInclude>
    <ClInclude Include="TFE_System\Threads\Win32\signalWin32.h">
      <Filter>Source\TFE_System\Threads\Win32</Filter>
    </ClInclude>
    <ClInclude Include="TFE_System\Threads\Win32\threadWin32.h">
      <Filter>Source\TFE_System\Threads\Win32</Filter>
    </ClInclude>
    <ClInclude Include="TFE_Game\gameState.h">
      <Filter>Source\TFE_Game</Filter>
    </ClInclude>
    <ClInclude Include="TFE_FrontEndUI\console.h">
      <Filter>Source\TFE_FrontEndUI</Filter>
    </ClInclude>
    <ClInclude Include="TFE_Settings\windows\registry.h">
      <Filter>Source\TFE_Settings\registry</Filter>
    </ClInclude>
    <ClInclude Include="TFE_Settings\gameSourceData.h">
      <Filter>Source\TFE_Settings</Filter>
    </ClInclude>
    <ClInclude Include="TFE_System\profiler.h">
      <Filter>Source\TFE_System</Filter>
    </ClInclude>
    <ClInclude Include="TFE_FrontEndUI\profilerView.h">
      <Filter>Source\TFE_FrontEndUI</Filter>
    </ClInclude>
    <ClInclude Include="TFE_Game\gameControlMapping.h">
      <Filter>Source\TFE_Game</Filter>
    </ClInclude>
    <ClInclude Include="TFE_PostProcess\postprocess.h">
      <Filter>Source\TFE_PostProcess</Filter>
    </ClInclude>
    <ClInclude Include="TFE_PostProcess\blit.h">
      <Filter>Source\TFE_PostProcess</Filter>
    </ClInclude>
    <ClInclude Include="TFE_PostProcess\postprocesseffect.h">
      <Filter>Source\TFE_PostProcess</Filter>
    </ClInclude>
    <ClInclude Include="TFE_JediRenderer\fixedPoint.h">
      <Filter>Source\TFE_JediRenderer</Filter>
    </ClInclude>
    <ClInclude Include="TFE_JediRenderer\jediRenderer.h">
      <Filter>Source\TFE_JediRenderer</Filter>
    </ClInclude>
    <ClInclude Include="TFE_JediRenderer\rmath.h">
      <Filter>Source\TFE_JediRenderer</Filter>
    </ClInclude>
    <ClInclude Include="TFE_JediRenderer\rcommon.h">
      <Filter>Source\TFE_JediRenderer</Filter>
    </ClInclude>
    <ClInclude Include="TFE_JediRenderer\redgePair.h">
      <Filter>Source\TFE_JediRenderer</Filter>
    </ClInclude>
    <ClInclude Include="TFE_JediRenderer\robject.h">
      <Filter>Source\TFE_JediRenderer</Filter>
    </ClInclude>
    <ClInclude Include="TFE_JediRenderer\rsector.h">
      <Filter>Source\TFE_JediRenderer</Filter>
    </ClInclude>
    <ClInclude Include="TFE_JediRenderer\rwall.h">
      <Filter>Source\TFE_JediRenderer</Filter>
    </ClInclude>
    <ClInclude Include="TFE_JediRenderer\rlimits.h">
      <Filter>Source\TFE_JediRenderer</Filter>
    </ClInclude>
    <ClInclude Include="TFE_JediRenderer\RClassic_Fixed\rclassicFixed.h">
      <Filter>Source\TFE_JediRenderer\RClassic_Fixed</Filter>
    </ClInclude>
    <ClInclude Include="TFE_JediRenderer\RClassic_Fixed\rcommonFixed.h">
      <Filter>Source\TFE_JediRenderer\RClassic_Fixed</Filter>
    </ClInclude>
    <ClInclude Include="TFE_JediRenderer\RClassic_Fixed\redgePairFixed.h">
      <Filter>Source\TFE_JediRenderer\RClassic_Fixed</Filter>
    </ClInclude>
    <ClInclude Include="TFE_JediRenderer\RClassic_Fixed\rflatFixed.h">
      <Filter>Source\TFE_JediRenderer\RClassic_Fixed</Filter>
    </ClInclude>
    <ClInclude Include="TFE_JediRenderer\RClassic_Fixed\rsectorFixed.h">
      <Filter>Source\TFE_JediRenderer\RClassic_Fixed</Filter>
    </ClInclude>
    <ClInclude Include="TFE_JediRenderer\RClassic_Fixed\rwallFixed.h">
      <Filter>Source\TFE_JediRenderer\RClassic_Fixed</Filter>
    </ClInclude>
    <ClInclude Include="TFE_JediRenderer\RClassic_Fixed\rlightingFixed.h">
      <Filter>Source\TFE_JediRenderer\RClassic_Fixed</Filter>
    </ClInclude>
    <ClInclude Include="TFE_JediRenderer\rtexture.h">
      <Filter>Source\TFE_JediRenderer</Filter>
    </ClInclude>
    <ClInclude Include="TFE_JediRenderer\RClassic_Float\rclassicFloat.h">
      <Filter>Source\TFE_JediRenderer\RClassic_Float</Filter>
    </ClInclude>
    <ClInclude Include="TFE_JediRenderer\RClassic_Float\redgePairFloat.h">
      <Filter>Source\TFE_JediRenderer\RClassic_Float</Filter>
    </ClInclude>
    <ClInclude Include="TFE_JediRenderer\RClassic_Float\rflatFloat.h">
      <Filter>Source\TFE_JediRenderer\RClassic_Float</Filter>
    </ClInclude>
    <ClInclude Include="TFE_JediRenderer\RClassic_Float\rlightingFloat.h">
      <Filter>Source\TFE_JediRenderer\RClassic_Float</Filter>
    </ClInclude>
    <ClInclude Include="TFE_JediRenderer\RClassic_Float\rsectorFloat.h">
      <Filter>Source\TFE_JediRenderer\RClassic_Float</Filter>
    </ClInclude>
    <ClInclude Include="TFE_JediRenderer\RClassic_Float\rwallFloat.h">
      <Filter>Source\TFE_JediRenderer\RClassic_Float</Filter>
    </ClInclude>
    <ClInclude Include="TFE_JediRenderer\RClassic_Float\fixedPoint20.h">
      <Filter>Source\TFE_JediRenderer\RClassic_Float</Filter>
    </ClInclude>
    <ClInclude Include="TFE_JediRenderer\rscanline.h">
      <Filter>Source\TFE_JediRenderer</Filter>
    </ClInclude>
    <ClInclude Include="TFE_JediRenderer\RClassic_GPU\rclassicGPU.h">
      <Filter>Source\TFE_JediRenderer\RClassic_GPU</Filter>
    </ClInclude>
    <ClInclude Include="TFE_JediRenderer\RClassic_GPU\rsectorGPU.h">
      <Filter>Source\TFE_JediRenderer\RClassic_GPU</Filter>
    </ClInclude>
    <ClInclude Include="TFE_JediRenderer\RClassic_GPU\rwallGPU.h">
      <Filter>Source\TFE_JediRenderer\RClassic_GPU</Filter>
    </ClInclude>
    <ClInclude Include="Shaders\grid.h">
      <Filter>Source\Shaders</Filter>
    </ClInclude>
    <ClInclude Include="TFE_RenderBackend\Win32OpenGL\glslParser.h">
      <Filter>Source\TFE_RenderBackend\Win32OpenGL</Filter>
    </ClInclude>
    <ClInclude Include="TFE_Ui\portable-file-dialogs.h">
      <Filter>Source\TFE_Ui</Filter>
    </ClInclude>
    <ClInclude Include="TFE_RenderBackend\dynamicTexture.h">
      <Filter>Source\TFE_RenderBackend</Filter>
    </ClInclude>
    <ClInclude Include="TFE_RenderBackend\Win32OpenGL\openGL_Caps.h">
      <Filter>Source\TFE_RenderBackend\Win32OpenGL</Filter>
    </ClInclude>
    <ClInclude Include="TFE_Asset\spriteAsset_Jedi.h">
      <Filter>Source\TFE_Asset</Filter>
    </ClInclude>
    <ClInclude Include="TFE_Asset\modelAsset_jedi.h">
      <Filter>Source\TFE_Asset</Filter>
    </ClInclude>
    <ClInclude Include="TFE_RenderBackend\Win32OpenGL\screenCapture.h">
      <Filter>Source\TFE_RenderBackend\Win32OpenGL</Filter>
    </ClInclude>
    <ClInclude Include="TFE_Asset\gifWriter.h">
      <Filter>Source\TFE_Asset</Filter>
    </ClInclude>
    <ClInclude Include="TFE_Asset\msf_gif.h">
      <Filter>Source\TFE_Asset</Filter>
    </ClInclude>
    <ClInclude Include="TFE_JediRenderer\RClassic_Fixed\robj3d_fixed\robj3dFixed.h">
      <Filter>Source\TFE_JediRenderer\RClassic_Fixed\robj3d_fixed</Filter>
    </ClInclude>
    <ClInclude Include="TFE_JediRenderer\RClassic_Fixed\robj3d_fixed\robj3dFixed_ClipFunc.h">
      <Filter>Source\TFE_JediRenderer\RClassic_Fixed\robj3d_fixed</Filter>
    </ClInclude>
    <ClInclude Include="TFE_JediRenderer\RClassic_Fixed\robj3d_fixed\robj3dFixed_Clipping.h">
      <Filter>Source\TFE_JediRenderer\RClassic_Fixed\robj3d_fixed</Filter>
    </ClInclude>
    <ClInclude Include="TFE_JediRenderer\RClassic_Fixed\robj3d_fixed\robj3dFixed_PolygonDraw.h">
      <Filter>Source\TFE_JediRenderer\RClassic_Fixed\robj3d_fixed</Filter>
    </ClInclude>
    <ClInclude Include="TFE_JediRenderer\RClassic_Fixed\robj3d_fixed\robj3dFixed_PolygonSetup.h">
      <Filter>Source\TFE_JediRenderer\RClassic_Fixed\robj3d_fixed</Filter>
    </ClInclude>
    <ClInclude Include="TFE_JediRenderer\RClassic_Fixed\robj3d_fixed\robj3dFixed_PolyRenderFunc.h">
      <Filter>Source\TFE_JediRenderer\RClassic_Fixed\robj3d_fixed</Filter>
    </ClInclude>
    <ClInclude Include="TFE_JediRenderer\RClassic_Fixed\robj3d_fixed\robj3dFixed_TransformAndLighting.h">
      <Filter>Source\TFE_JediRenderer\RClassic_Fixed\robj3d_fixed</Filter>
    </ClInclude>
    <ClInclude Include="TFE_JediRenderer\RClassic_Fixed\robj3d_fixed\robj3dFixed_Culling.h">
      <Filter>Source\TFE_JediRenderer\RClassic_Fixed\robj3d_fixed</Filter>
    </ClInclude>
    <ClInclude Include="TFE_JediRenderer\RClassic_Float\robj3d_float\robj3dFloat.h">
      <Filter>Source\TFE_JediRenderer\RClassic_Float\robj3d_float</Filter>
    </ClInclude>
    <ClInclude Include="TFE_JediRenderer\RClassic_Float\robj3d_float\robj3dFloat_ClipFunc.h">
      <Filter>Source\TFE_JediRenderer\RClassic_Float\robj3d_float</Filter>
    </ClInclude>
    <ClInclude Include="TFE_JediRenderer\RClassic_Float\robj3d_float\robj3dFloat_Clipping.h">
      <Filter>Source\TFE_JediRenderer\RClassic_Float\robj3d_float</Filter>
    </ClInclude>
    <ClInclude Include="TFE_JediRenderer\RClassic_Float\robj3d_float\robj3dFloat_Culling.h">
      <Filter>Source\TFE_JediRenderer\RClassic_Float\robj3d_float</Filter>
    </ClInclude>
    <ClInclude Include="TFE_JediRenderer\RClassic_Float\robj3d_float\robj3dFloat_PolygonDraw.h">
      <Filter>Source\TFE_JediRenderer\RClassic_Float\robj3d_float</Filter>
    </ClInclude>
    <ClInclude Include="TFE_JediRenderer\RClassic_Float\robj3d_float\robj3dFloat_PolygonSetup.h">
      <Filter>Source\TFE_JediRenderer\RClassic_Float\robj3d_float</Filter>
    </ClInclude>
    <ClInclude Include="TFE_JediRenderer\RClassic_Float\robj3d_float\robj3dFloat_PolyRenderFunc.h">
      <Filter>Source\TFE_JediRenderer\RClassic_Float\robj3d_float</Filter>
    </ClInclude>
    <ClInclude Include="TFE_JediRenderer\RClassic_Float\robj3d_float\robj3dFloat_TransformAndLighting.h">
      <Filter>Source\TFE_JediRenderer\RClassic_Float\robj3d_float</Filter>
    </ClInclude>
    <ClInclude Include="TFE_Archive\zip\miniz.h">
      <Filter>Source\TFE_Archive\zip</Filter>
    </ClInclude>
    <ClInclude Include="TFE_Archive\zip\zip.h">
      <Filter>Source\TFE_Archive\zip</Filter>
    </ClInclude>
    <ClInclude Include="TFE_Archive\zipArchive.h">
      <Filter>Source\TFE_Archive</Filter>
    </ClInclude>
    <ClInclude Include="TFE_InfSystem\message.h">
      <Filter>Source\TFE_InfSystem</Filter>
    </ClInclude>
    <ClInclude Include="TFE_InfSystem\infElevatorUpdateFunc.h">
      <Filter>Source\TFE_InfSystem</Filter>
    </ClInclude>
    <ClInclude Include="TFE_InfSystem\infTypesInternal.h">
      <Filter>Source\TFE_InfSystem</Filter>
    </ClInclude>
    <ClInclude Include="TFE_Level\fixedPoint.h">
      <Filter>Source\TFE_Level</Filter>
    </ClInclude>
    <ClInclude Include="TFE_Level\robject.h">
      <Filter>Source\TFE_Level</Filter>
    </ClInclude>
    <ClInclude Include="TFE_Level\rsector.h">
      <Filter>Source\TFE_Level</Filter>
    </ClInclude>
    <ClInclude Include="TFE_Level\rtexture.h">
      <Filter>Source\TFE_Level</Filter>
    </ClInclude>
    <ClInclude Include="TFE_Level\rwall.h">
      <Filter>Source\TFE_Level</Filter>
    </ClInclude>
    <ClInclude Include="TFE_Level\core_math.h">
      <Filter>Source\TFE_Level</Filter>
    </ClInclude>
    <ClInclude Include="TFE_Level\level.h">
      <Filter>Source\TFE_Level</Filter>
    </ClInclude>
    <ClInclude Include="TFE_Asset\dfKeywords.h">
      <Filter>Source\TFE_Asset</Filter>
    </ClInclude>
    <ClInclude Include="TFE_InfSystem\infPublicTypes.h">
      <Filter>Source\TFE_InfSystem</Filter>
    </ClInclude>
    <ClInclude Include="TFE_DarkForces\pickup.h">
      <Filter>Source\TFE_DarkForces</Filter>
    </ClInclude>
    <ClInclude Include="TFE_DarkForces\itemId.h">
      <Filter>Source\TFE_DarkForces</Filter>
    </ClInclude>
    <ClInclude Include="TFE_DarkForces\player.h">
      <Filter>Source\TFE_DarkForces</Filter>
    </ClInclude>
    <ClInclude Include="TFE_DarkForces\animLogic.h">
      <Filter>Source\TFE_DarkForces</Filter>
    </ClInclude>
    <ClInclude Include="TFE_DarkForces\logic.h">
      <Filter>Source\TFE_DarkForces</Filter>
    </ClInclude>
    <ClInclude Include="TFE_Memory\allocator.h">
      <Filter>Source\TFE_Memory</Filter>
    </ClInclude>
    <ClInclude Include="TFE_DarkForces\time.h">
      <Filter>Source\TFE_DarkForces</Filter>
    </ClInclude>
    <ClInclude Include="TFE_DarkForces\projectile.h">
      <Filter>Source\TFE_DarkForces</Filter>
    </ClInclude>
    <ClInclude Include="TFE_DarkForces\hitEffect.h">
      <Filter>Source\TFE_DarkForces</Filter>
    </ClInclude>
  </ItemGroup>
  <ItemGroup>
    <ClCompile Include="main.cpp">
      <Filter>Source</Filter>
    </ClCompile>
    <ClCompile Include="stdafx.cpp">
      <Filter>Source</Filter>
    </ClCompile>
    <ClCompile Include="glew\src\glew.c">
      <Filter>Source\glew\src</Filter>
    </ClCompile>
    <ClCompile Include="TFE_Input\input.cpp">
      <Filter>Source\TFE_Input</Filter>
    </ClCompile>
    <ClCompile Include="TFE_Ui\imGUI\imgui.cpp">
      <Filter>Source\TFE_Ui\imGUI</Filter>
    </ClCompile>
    <ClCompile Include="TFE_Ui\imGUI\imgui_demo.cpp">
      <Filter>Source\TFE_Ui\imGUI</Filter>
    </ClCompile>
    <ClCompile Include="TFE_Ui\imGUI\imgui_draw.cpp">
      <Filter>Source\TFE_Ui\imGUI</Filter>
    </ClCompile>
    <ClCompile Include="TFE_Ui\imGUI\imgui_impl_opengl3.cpp">
      <Filter>Source\TFE_Ui\imGUI</Filter>
    </ClCompile>
    <ClCompile Include="TFE_Ui\imGUI\imgui_impl_sdl.cpp">
      <Filter>Source\TFE_Ui\imGUI</Filter>
    </ClCompile>
    <ClCompile Include="TFE_Ui\imGUI\imgui_widgets.cpp">
      <Filter>Source\TFE_Ui\imGUI</Filter>
    </ClCompile>
    <ClCompile Include="TFE_Ui\ui.cpp">
      <Filter>Source\TFE_Ui</Filter>
    </ClCompile>
    <ClCompile Include="TFE_System\system.cpp">
      <Filter>Source\TFE_System</Filter>
    </ClCompile>
    <ClCompile Include="TFE_System\log.cpp">
      <Filter>Source\TFE_System</Filter>
    </ClCompile>
    <ClCompile Include="TFE_FileSystem\filestream.cpp">
      <Filter>Source\TFE_FileSystem</Filter>
    </ClCompile>
    <ClCompile Include="TFE_FileSystem\fileutil.cpp">
      <Filter>Source\TFE_FileSystem</Filter>
    </ClCompile>
    <ClCompile Include="TFE_Renderer\renderer.cpp">
      <Filter>Source\TFE_Renderer</Filter>
    </ClCompile>
    <ClCompile Include="TFE_Renderer\TFE_SoftRenderCPU\renderer_softCPU.cpp">
      <Filter>Source\TFE_Renderer\TFE_SoftRenderCPU</Filter>
    </ClCompile>
    <ClCompile Include="TFE_FileSystem\paths.cpp">
      <Filter>Source\TFE_FileSystem</Filter>
    </ClCompile>
    <ClCompile Include="TFE_Settings\settings.cpp">
      <Filter>Source\TFE_Settings</Filter>
    </ClCompile>
    <ClCompile Include="TFE_Archive\gobArchive.cpp">
      <Filter>Source\TFE_Archive</Filter>
    </ClCompile>
    <ClCompile Include="TFE_Archive\archive.cpp">
      <Filter>Source\TFE_Archive</Filter>
    </ClCompile>
    <ClCompile Include="TFE_Editor\editor.cpp">
      <Filter>Source\TFE_Editor</Filter>
    </ClCompile>
    <ClCompile Include="TFE_Editor\perfWindow.cpp">
      <Filter>Source\TFE_Editor</Filter>
    </ClCompile>
    <ClCompile Include="TFE_Archive\lfdArchive.cpp">
      <Filter>Source\TFE_Archive</Filter>
    </ClCompile>
    <ClCompile Include="TFE_Editor\archiveViewer.cpp">
      <Filter>Source\TFE_Editor</Filter>
    </ClCompile>
    <ClCompile Include="TFE_System\parser.cpp">
      <Filter>Source\TFE_System</Filter>
    </ClCompile>
    <ClCompile Include="TFE_Asset\paletteAsset.cpp">
      <Filter>Source\TFE_Asset</Filter>
    </ClCompile>
    <ClCompile Include="TFE_Asset\textureAsset.cpp">
      <Filter>Source\TFE_Asset</Filter>
    </ClCompile>
    <ClCompile Include="TFE_Asset\levelAsset.cpp">
      <Filter>Source\TFE_Asset</Filter>
    </ClCompile>
    <ClCompile Include="TFE_Asset\fontAsset.cpp">
      <Filter>Source\TFE_Asset</Filter>
    </ClCompile>
    <ClCompile Include="TFE_Asset\spriteAsset.cpp">
      <Filter>Source\TFE_Asset</Filter>
    </ClCompile>
    <ClCompile Include="TFE_Asset\colormapAsset.cpp">
      <Filter>Source\TFE_Asset</Filter>
    </ClCompile>
    <ClCompile Include="TFE_Asset\assetSystem.cpp">
      <Filter>Source\TFE_Asset</Filter>
    </ClCompile>
    <ClCompile Include="TFE_Asset\levelObjectsAsset.cpp">
      <Filter>Source\TFE_Asset</Filter>
    </ClCompile>
    <ClCompile Include="TFE_Asset\modelAsset.cpp">
      <Filter>Source\TFE_Asset</Filter>
    </ClCompile>
    <ClCompile Include="TFE_Game\geometry.cpp">
      <Filter>Source\TFE_Game</Filter>
    </ClCompile>
    <ClCompile Include="TFE_Game\physics.cpp">
      <Filter>Source\TFE_Game</Filter>
    </ClCompile>
    <ClCompile Include="TFE_Game\player.cpp">
      <Filter>Source\TFE_Game</Filter>
    </ClCompile>
    <ClCompile Include="TFE_Game\gameLoop.cpp">
      <Filter>Source\TFE_Game</Filter>
    </ClCompile>
    <ClCompile Include="TFE_Game\gameHud.cpp">
      <Filter>Source\TFE_Game</Filter>
    </ClCompile>
    <ClCompile Include="TFE_ScriptSystem\scriptSystem.cpp">
      <Filter>Source\TFE_ScriptSystem</Filter>
    </ClCompile>
    <ClCompile Include="TFE_ScriptSystem\AngelScript\sdk\add_on\scriptstdstring\scriptstdstring.cpp">
      <Filter>Source\TFE_ScriptSystem\add_on\scriptstdstring</Filter>
    </ClCompile>
    <ClCompile Include="TFE_ScriptSystem\AngelScript\sdk\add_on\scriptstdstring\scriptstdstring_utils.cpp">
      <Filter>Source\TFE_ScriptSystem\add_on\scriptstdstring</Filter>
    </ClCompile>
    <ClCompile Include="TFE_ScriptSystem\AngelScript\sdk\add_on\scriptbuilder\scriptbuilder.cpp">
      <Filter>Source\TFE_ScriptSystem\add_on\scriptbuilder</Filter>
    </ClCompile>
    <ClCompile Include="TFE_ScriptSystem\AngelScript\sdk\add_on\scriptarray\scriptarray.cpp">
      <Filter>Source\TFE_ScriptSystem\add_on\scriptarray</Filter>
    </ClCompile>
    <ClCompile Include="TFE_LogicSystem\logicSystem.cpp">
      <Filter>Source\TFE_LogicSystem</Filter>
    </ClCompile>
    <ClCompile Include="TFE_WeaponSystem\weaponSystem.cpp">
      <Filter>Source\TFE_WeaponSystem</Filter>
    </ClCompile>
    <ClCompile Include="TFE_Game\gameObject.cpp">
      <Filter>Source\TFE_Game</Filter>
    </ClCompile>
    <ClCompile Include="TFE_Asset\gameMessages.cpp">
      <Filter>Source\TFE_Asset</Filter>
    </ClCompile>
    <ClCompile Include="TFE_Asset\levelList.cpp">
      <Filter>Source\TFE_Asset</Filter>
    </ClCompile>
    <ClCompile Include="TFE_InfSystem\infSystem.cpp">
      <Filter>Source\TFE_InfSystem</Filter>
    </ClCompile>
    <ClCompile Include="TFE_Asset\infAsset.cpp">
      <Filter>Source\TFE_Asset</Filter>
    </ClCompile>
    <ClCompile Include="TFE_System\memoryPool.cpp">
      <Filter>Source\TFE_System</Filter>
    </ClCompile>
    <ClCompile Include="TFE_Game\level.cpp">
      <Filter>Source\TFE_Game</Filter>
    </ClCompile>
    <ClCompile Include="TFE_Editor\levelEditor.cpp">
      <Filter>Source\TFE_Editor</Filter>
    </ClCompile>
    <ClCompile Include="TFE_Asset\imageAsset.cpp">
      <Filter>Source\TFE_Asset</Filter>
    </ClCompile>
    <ClCompile Include="TFE_Polygon\clipper.cpp">
      <Filter>Source\TFE_Polygon</Filter>
    </ClCompile>
    <ClCompile Include="TFE_Polygon\polygon.cpp">
      <Filter>Source\TFE_Polygon</Filter>
    </ClCompile>
    <ClCompile Include="TFE_RenderBackend\Win32OpenGL\renderTarget.cpp">
      <Filter>Source\TFE_RenderBackend\Win32OpenGL</Filter>
    </ClCompile>
    <ClCompile Include="TFE_RenderBackend\Win32OpenGL\shader.cpp">
      <Filter>Source\TFE_RenderBackend\Win32OpenGL</Filter>
    </ClCompile>
    <ClCompile Include="TFE_RenderBackend\Win32OpenGL\renderBackend.cpp">
      <Filter>Source\TFE_RenderBackend\Win32OpenGL</Filter>
    </ClCompile>
    <ClCompile Include="TFE_RenderBackend\Win32OpenGL\vertexBuffer.cpp">
      <Filter>Source\TFE_RenderBackend\Win32OpenGL</Filter>
    </ClCompile>
    <ClCompile Include="TFE_RenderBackend\Win32OpenGL\indexBuffer.cpp">
      <Filter>Source\TFE_RenderBackend\Win32OpenGL</Filter>
    </ClCompile>
    <ClCompile Include="TFE_RenderBackend\Win32OpenGL\renderState.cpp">
      <Filter>Source\TFE_RenderBackend\Win32OpenGL</Filter>
    </ClCompile>
    <ClCompile Include="TFE_Editor\Rendering\lineDraw2d.cpp">
      <Filter>Source\TFE_Editor\Rendering</Filter>
    </ClCompile>
    <ClCompile Include="TFE_RenderBackend\Win32OpenGL\textureGpu.cpp">
      <Filter>Source\TFE_RenderBackend\Win32OpenGL</Filter>
    </ClCompile>
    <ClCompile Include="TFE_Editor\Rendering\grid2d.cpp">
      <Filter>Source\TFE_Editor\Rendering</Filter>
    </ClCompile>
    <ClCompile Include="TFE_Editor\Rendering\trianglesColor2d.cpp">
      <Filter>Source\TFE_Editor\Rendering</Filter>
    </ClCompile>
    <ClCompile Include="TFE_Editor\Rendering\trianglesTextured2d.cpp">
      <Filter>Source\TFE_Editor\Rendering</Filter>
    </ClCompile>
    <ClCompile Include="TFE_System\math.cpp">
      <Filter>Source\TFE_System</Filter>
    </ClCompile>
    <ClCompile Include="TFE_Editor\Rendering\grid3d.cpp">
      <Filter>Source\TFE_Editor\Rendering</Filter>
    </ClCompile>
    <ClCompile Include="TFE_Editor\Rendering\lineDraw3d.cpp">
      <Filter>Source\TFE_Editor\Rendering</Filter>
    </ClCompile>
    <ClCompile Include="TFE_Editor\Rendering\trianglesColor3d.cpp">
      <Filter>Source\TFE_Editor\Rendering</Filter>
    </ClCompile>
    <ClCompile Include="TFE_Editor\Rendering\editorRender.cpp">
      <Filter>Source\TFE_Editor\Rendering</Filter>
    </ClCompile>
    <ClCompile Include="TFE_Ui\markdown.cpp">
      <Filter>Source\TFE_Ui</Filter>
    </ClCompile>
    <ClCompile Include="TFE_Editor\Help\helpWindow.cpp">
      <Filter>Source\TFE_Editor\Help</Filter>
    </ClCompile>
    <ClCompile Include="TFE_Editor\levelEditorData.cpp">
      <Filter>Source\TFE_Editor</Filter>
    </ClCompile>
    <ClCompile Include="TFE_Archive\labArchive.cpp">
      <Filter>Source\TFE_Archive</Filter>
    </ClCompile>
    <ClCompile Include="TFE_Asset\vueAsset.cpp">
      <Filter>Source\TFE_Asset</Filter>
    </ClCompile>
    <ClCompile Include="TFE_Asset\vocAsset.cpp">
      <Filter>Source\TFE_Asset</Filter>
    </ClCompile>
    <ClCompile Include="TFE_Audio\audioDevice.cpp">
      <Filter>Source\TFE_Audio</Filter>
    </ClCompile>
    <ClCompile Include="TFE_Audio\audioSystem.cpp">
      <Filter>Source\TFE_Audio</Filter>
    </ClCompile>
    <ClCompile Include="TFE_Audio\RtAudio.cpp">
      <Filter>Source\TFE_Audio</Filter>
    </ClCompile>
    <ClCompile Include="TFE_FrontEndUI\frontEndUi.cpp">
      <Filter>Source\TFE_FrontEndUI</Filter>
    </ClCompile>
    <ClCompile Include="TFE_Game\gameMain.cpp">
      <Filter>Source\TFE_Game</Filter>
    </ClCompile>
    <ClCompile Include="TFE_Game\GameUI\editBox.cpp">
      <Filter>Source\TFE_Game\GameUI</Filter>
    </ClCompile>
    <ClCompile Include="TFE_Game\GameUI\gameUi.cpp">
      <Filter>Source\TFE_Game\GameUI</Filter>
    </ClCompile>
    <ClCompile Include="TFE_Game\GameUI\escMenu.cpp">
      <Filter>Source\TFE_Game\GameUI</Filter>
    </ClCompile>
    <ClCompile Include="TFE_Game\GameUI\agentMenu.cpp">
      <Filter>Source\TFE_Game\GameUI</Filter>
    </ClCompile>
    <ClCompile Include="TFE_Audio\midiDevice.cpp">
      <Filter>Source\TFE_Audio</Filter>
    </ClCompile>
    <ClCompile Include="TFE_Audio\RtMidi.cpp">
      <Filter>Source\TFE_Audio</Filter>
    </ClCompile>
    <ClCompile Include="TFE_Asset\gmidAsset.cpp">
      <Filter>Source\TFE_Asset</Filter>
    </ClCompile>
    <ClCompile Include="TFE_Audio\midiPlayer.cpp">
      <Filter>Source\TFE_Audio</Filter>
    </ClCompile>
    <ClCompile Include="TFE_System\Threads\Win32\mutexWin32.cpp">
      <Filter>Source\TFE_System\Threads\Win32</Filter>
    </ClCompile>
    <ClCompile Include="TFE_System\Threads\Win32\signalWin32.cpp">
      <Filter>Source\TFE_System\Threads\Win32</Filter>
    </ClCompile>
    <ClCompile Include="TFE_System\Threads\Win32\threadWin32.cpp">
      <Filter>Source\TFE_System\Threads\Win32</Filter>
    </ClCompile>
    <ClCompile Include="TFE_FrontEndUI\console.cpp">
      <Filter>Source\TFE_FrontEndUI</Filter>
    </ClCompile>
    <ClCompile Include="TFE_Settings\windows\registry.cpp">
      <Filter>Source\TFE_Settings\registry</Filter>
    </ClCompile>
    <ClCompile Include="TFE_System\profiler.cpp">
      <Filter>Source\TFE_System</Filter>
    </ClCompile>
    <ClCompile Include="TFE_FrontEndUI\profilerView.cpp">
      <Filter>Source\TFE_FrontEndUI</Filter>
    </ClCompile>
    <ClCompile Include="TFE_Game\gameControlMapping.cpp">
      <Filter>Source\TFE_Game</Filter>
    </ClCompile>
    <ClCompile Include="TFE_PostProcess\postprocess.cpp">
      <Filter>Source\TFE_PostProcess</Filter>
    </ClCompile>
    <ClCompile Include="TFE_PostProcess\blit.cpp">
      <Filter>Source\TFE_PostProcess</Filter>
    </ClCompile>
    <ClCompile Include="TFE_JediRenderer\jediRenderer.cpp">
      <Filter>Source\TFE_JediRenderer</Filter>
    </ClCompile>
    <ClCompile Include="TFE_JediRenderer\rcommon.cpp">
      <Filter>Source\TFE_JediRenderer</Filter>
    </ClCompile>
    <ClCompile Include="TFE_JediRenderer\rsector.cpp">
      <Filter>Source\TFE_JediRenderer</Filter>
    </ClCompile>
    <ClCompile Include="TFE_JediRenderer\RClassic_Fixed\rclassicFixed.cpp">
      <Filter>Source\TFE_JediRenderer\RClassic_Fixed</Filter>
    </ClCompile>
    <ClCompile Include="TFE_JediRenderer\RClassic_Fixed\rcommonFixed.cpp">
      <Filter>Source\TFE_JediRenderer\RClassic_Fixed</Filter>
    </ClCompile>
    <ClCompile Include="TFE_JediRenderer\RClassic_Fixed\redgePairFixed.cpp">
      <Filter>Source\TFE_JediRenderer\RClassic_Fixed</Filter>
    </ClCompile>
    <ClCompile Include="TFE_JediRenderer\RClassic_Fixed\rflatFixed.cpp">
      <Filter>Source\TFE_JediRenderer\RClassic_Fixed</Filter>
    </ClCompile>
    <ClCompile Include="TFE_JediRenderer\RClassic_Fixed\rsectorFixed.cpp">
      <Filter>Source\TFE_JediRenderer\RClassic_Fixed</Filter>
    </ClCompile>
    <ClCompile Include="TFE_JediRenderer\RClassic_Fixed\rwallFixed.cpp">
      <Filter>Source\TFE_JediRenderer\RClassic_Fixed</Filter>
    </ClCompile>
    <ClCompile Include="TFE_JediRenderer\RClassic_Fixed\rlightingFixed.cpp">
      <Filter>Source\TFE_JediRenderer\RClassic_Fixed</Filter>
    </ClCompile>
    <ClCompile Include="TFE_JediRenderer\rtexture.cpp">
      <Filter>Source\TFE_JediRenderer</Filter>
    </ClCompile>
    <ClCompile Include="TFE_JediRenderer\RClassic_Float\rclassicFloat.cpp">
      <Filter>Source\TFE_JediRenderer\RClassic_Float</Filter>
    </ClCompile>
    <ClCompile Include="TFE_JediRenderer\RClassic_Float\redgePairFloat.cpp">
      <Filter>Source\TFE_JediRenderer\RClassic_Float</Filter>
    </ClCompile>
    <ClCompile Include="TFE_JediRenderer\RClassic_Float\rflatFloat.cpp">
      <Filter>Source\TFE_JediRenderer\RClassic_Float</Filter>
    </ClCompile>
    <ClCompile Include="TFE_JediRenderer\RClassic_Float\rlightingFloat.cpp">
      <Filter>Source\TFE_JediRenderer\RClassic_Float</Filter>
    </ClCompile>
    <ClCompile Include="TFE_JediRenderer\RClassic_Float\rsectorFloat.cpp">
      <Filter>Source\TFE_JediRenderer\RClassic_Float</Filter>
    </ClCompile>
    <ClCompile Include="TFE_JediRenderer\RClassic_Float\rwallFloat.cpp">
      <Filter>Source\TFE_JediRenderer\RClassic_Float</Filter>
    </ClCompile>
    <ClCompile Include="TFE_JediRenderer\rscanline.cpp">
      <Filter>Source\TFE_JediRenderer</Filter>
    </ClCompile>
    <ClCompile Include="TFE_JediRenderer\RClassic_GPU\rclassicGPU.cpp">
      <Filter>Source\TFE_JediRenderer\RClassic_GPU</Filter>
    </ClCompile>
    <ClCompile Include="TFE_JediRenderer\RClassic_GPU\rsectorGPU.cpp">
      <Filter>Source\TFE_JediRenderer\RClassic_GPU</Filter>
    </ClCompile>
    <ClCompile Include="TFE_JediRenderer\RClassic_GPU\rwallGPU.cpp">
      <Filter>Source\TFE_JediRenderer\RClassic_GPU</Filter>
    </ClCompile>
    <ClCompile Include="TFE_RenderBackend\Win32OpenGL\glslParser.cpp">
      <Filter>Source\TFE_RenderBackend\Win32OpenGL</Filter>
    </ClCompile>
    <ClCompile Include="TFE_RenderBackend\Win32OpenGL\dynamicTexture.cpp">
      <Filter>Source\TFE_RenderBackend\Win32OpenGL</Filter>
    </ClCompile>
    <ClCompile Include="TFE_RenderBackend\Win32OpenGL\openGL_Caps.cpp">
      <Filter>Source\TFE_RenderBackend\Win32OpenGL</Filter>
    </ClCompile>
    <ClCompile Include="TFE_Asset\spriteAsset_Jedi.cpp">
      <Filter>Source\TFE_Asset</Filter>
    </ClCompile>
    <ClCompile Include="TFE_Asset\modelAsset_jedi.cpp">
      <Filter>Source\TFE_Asset</Filter>
    </ClCompile>
    <ClCompile Include="TFE_JediRenderer\rmath.cpp">
      <Filter>Source\TFE_JediRenderer</Filter>
    </ClCompile>
    <ClCompile Include="TFE_RenderBackend\Win32OpenGL\screenCapture.cpp">
      <Filter>Source\TFE_RenderBackend\Win32OpenGL</Filter>
    </ClCompile>
    <ClCompile Include="TFE_Asset\gifWriter.cpp">
      <Filter>Source\TFE_Asset</Filter>
    </ClCompile>
    <ClCompile Include="TFE_JediRenderer\RClassic_Fixed\robj3d_fixed\robj3dFixed.cpp">
      <Filter>Source\TFE_JediRenderer\RClassic_Fixed\robj3d_fixed</Filter>
    </ClCompile>
    <ClCompile Include="TFE_JediRenderer\RClassic_Fixed\robj3d_fixed\robj3dFixed_Clipping.cpp">
      <Filter>Source\TFE_JediRenderer\RClassic_Fixed\robj3d_fixed</Filter>
    </ClCompile>
    <ClCompile Include="TFE_JediRenderer\RClassic_Fixed\robj3d_fixed\robj3dFixed_PolygonDraw.cpp">
      <Filter>Source\TFE_JediRenderer\RClassic_Fixed\robj3d_fixed</Filter>
    </ClCompile>
    <ClCompile Include="TFE_JediRenderer\RClassic_Fixed\robj3d_fixed\robj3dFixed_PolygonSetup.cpp">
      <Filter>Source\TFE_JediRenderer\RClassic_Fixed\robj3d_fixed</Filter>
    </ClCompile>
    <ClCompile Include="TFE_JediRenderer\RClassic_Fixed\robj3d_fixed\robj3dFixed_TransformAndLighting.cpp">
      <Filter>Source\TFE_JediRenderer\RClassic_Fixed\robj3d_fixed</Filter>
    </ClCompile>
    <ClCompile Include="TFE_JediRenderer\RClassic_Fixed\robj3d_fixed\robj3dFixed_Culling.cpp">
      <Filter>Source\TFE_JediRenderer\RClassic_Fixed\robj3d_fixed</Filter>
    </ClCompile>
    <ClCompile Include="TFE_JediRenderer\RClassic_Float\robj3d_float\robj3dFloat.cpp">
      <Filter>Source\TFE_JediRenderer\RClassic_Float\robj3d_float</Filter>
    </ClCompile>
    <ClCompile Include="TFE_JediRenderer\RClassic_Float\robj3d_float\robj3dFloat_Clipping.cpp">
      <Filter>Source\TFE_JediRenderer\RClassic_Float\robj3d_float</Filter>
    </ClCompile>
    <ClCompile Include="TFE_JediRenderer\RClassic_Float\robj3d_float\robj3dFloat_Culling.cpp">
      <Filter>Source\TFE_JediRenderer\RClassic_Float\robj3d_float</Filter>
    </ClCompile>
    <ClCompile Include="TFE_JediRenderer\RClassic_Float\robj3d_float\robj3dFloat_PolygonDraw.cpp">
      <Filter>Source\TFE_JediRenderer\RClassic_Float\robj3d_float</Filter>
    </ClCompile>
    <ClCompile Include="TFE_JediRenderer\RClassic_Float\robj3d_float\robj3dFloat_PolygonSetup.cpp">
      <Filter>Source\TFE_JediRenderer\RClassic_Float\robj3d_float</Filter>
    </ClCompile>
    <ClCompile Include="TFE_JediRenderer\RClassic_Float\robj3d_float\robj3dFloat_TransformAndLighting.cpp">
      <Filter>Source\TFE_JediRenderer\RClassic_Float\robj3d_float</Filter>
    </ClCompile>
    <ClCompile Include="TFE_Archive\zip\zip.c">
      <Filter>Source\TFE_Archive\zip</Filter>
    </ClCompile>
    <ClCompile Include="TFE_Archive\zipArchive.cpp">
      <Filter>Source\TFE_Archive</Filter>
    </ClCompile>
    <ClCompile Include="TFE_InfSystem\message.cpp">
      <Filter>Source\TFE_InfSystem</Filter>
    </ClCompile>
    <ClCompile Include="TFE_Level\rsector.cpp">
      <Filter>Source\TFE_Level</Filter>
    </ClCompile>
    <ClCompile Include="TFE_Level\rtexture.cpp">
      <Filter>Source\TFE_Level</Filter>
    </ClCompile>
    <ClCompile Include="TFE_Level\core_math.cpp">
      <Filter>Source\TFE_Level</Filter>
    </ClCompile>
    <ClCompile Include="TFE_Level\level.cpp">
      <Filter>Source\TFE_Level</Filter>
    </ClCompile>
    <ClCompile Include="TFE_Level\rwall.cpp">
      <Filter>Source\TFE_Level</Filter>
    </ClCompile>
    <ClCompile Include="TFE_Asset\dfKeywords.cpp">
      <Filter>Source\TFE_Asset</Filter>
    </ClCompile>
    <ClCompile Include="TFE_Level\robject.cpp">
      <Filter>Source\TFE_Level</Filter>
    </ClCompile>
    <ClCompile Include="TFE_DarkForces\pickup.cpp">
      <Filter>Source\TFE_DarkForces</Filter>
    </ClCompile>
    <ClCompile Include="TFE_DarkForces\player.cpp">
      <Filter>Source\TFE_DarkForces</Filter>
    </ClCompile>
    <ClCompile Include="TFE_DarkForces\animLogic.cpp">
      <Filter>Source\TFE_DarkForces</Filter>
    </ClCompile>
    <ClCompile Include="TFE_DarkForces\logic.cpp">
      <Filter>Source\TFE_DarkForces</Filter>
    </ClCompile>
    <ClCompile Include="TFE_Memory\allocator.cpp">
      <Filter>Source\TFE_Memory</Filter>
    </ClCompile>
    <ClCompile Include="TFE_DarkForces\time.cpp">
      <Filter>Source\TFE_DarkForces</Filter>
    </ClCompile>
    <ClCompile Include="TFE_DarkForces\projectile.cpp">
      <Filter>Source\TFE_DarkForces</Filter>
    </ClCompile>
    <ClCompile Include="TFE_DarkForces\hitEffect.cpp">
      <Filter>Source\TFE_DarkForces</Filter>
    </ClCompile>
  </ItemGroup>
  <ItemGroup>
    <ResourceCompile Include="TheForceEngine.rc">
      <Filter>Resource Files</Filter>
    </ResourceCompile>
  </ItemGroup>
  <ItemGroup>
    <Image Include="small.ico">
      <Filter>Resource Files</Filter>
    </Image>
    <Image Include="TheForceEngine.ico">
      <Filter>Resource Files</Filter>
    </Image>
  </ItemGroup>
  <ItemGroup>
    <None Include="Scripts\Logics\logic_yellow.dxs">
      <Filter>Source\Scripts\Logics</Filter>
    </None>
    <None Include="Scripts\Logics\logic_anim.dxs">
      <Filter>Source\Scripts\Logics</Filter>
    </None>
    <None Include="Scripts\Logics\logic_autogun.dxs">
      <Filter>Source\Scripts\Logics</Filter>
    </None>
    <None Include="Scripts\Logics\logic_barrel.dxs">
      <Filter>Source\Scripts\Logics</Filter>
    </None>
    <None Include="Scripts\Logics\logic_battery.dxs">
      <Filter>Source\Scripts\Logics</Filter>
    </None>
    <None Include="Scripts\Logics\logic_blue.dxs">
      <Filter>Source\Scripts\Logics</Filter>
    </None>
    <None Include="Scripts\Logics\logic_boba_fett.dxs">
      <Filter>Source\Scripts\Logics</Filter>
    </None>
    <None Include="Scripts\Logics\logic_bossk.dxs">
      <Filter>Source\Scripts\Logics</Filter>
    </None>
    <None Include="Scripts\Logics\logic_cannon.dxs">
      <Filter>Source\Scripts\Logics</Filter>
    </None>
    <None Include="Scripts\Logics\logic_cleats.dxs">
      <Filter>Source\Scripts\Logics</Filter>
    </None>
    <None Include="Scripts\Logics\logic_code1.dxs">
      <Filter>Source\Scripts\Logics</Filter>
    </None>
    <None Include="Scripts\Logics\logic_code2.dxs">
      <Filter>Source\Scripts\Logics</Filter>
    </None>
    <None Include="Scripts\Logics\logic_code3.dxs">
      <Filter>Source\Scripts\Logics</Filter>
    </None>
    <None Include="Scripts\Logics\logic_code4.dxs">
      <Filter>Source\Scripts\Logics</Filter>
    </None>
    <None Include="Scripts\Logics\logic_code5.dxs">
      <Filter>Source\Scripts\Logics</Filter>
    </None>
    <None Include="Scripts\Logics\logic_code6.dxs">
      <Filter>Source\Scripts\Logics</Filter>
    </None>
    <None Include="Scripts\Logics\logic_code7.dxs">
      <Filter>Source\Scripts\Logics</Filter>
    </None>
    <None Include="Scripts\Logics\logic_code8.dxs">
      <Filter>Source\Scripts\Logics</Filter>
    </None>
    <None Include="Scripts\Logics\logic_code9.dxs">
      <Filter>Source\Scripts\Logics</Filter>
    </None>
    <None Include="Scripts\Logics\logic_commando.dxs">
      <Filter>Source\Scripts\Logics</Filter>
    </None>
    <None Include="Scripts\Logics\logic_concussion.dxs">
      <Filter>Source\Scripts\Logics</Filter>
    </None>
    <None Include="Scripts\Logics\logic_d_troop1.dxs">
      <Filter>Source\Scripts\Logics</Filter>
    </None>
    <None Include="Scripts\Logics\logic_d_troop2.dxs">
      <Filter>Source\Scripts\Logics</Filter>
    </None>
    <None Include="Scripts\Logics\logic_d_troop3.dxs">
      <Filter>Source\Scripts\Logics</Filter>
    </None>
    <None Include="Scripts\Logics\logic_datatape.dxs">
      <Filter>Source\Scripts\Logics</Filter>
    </None>
    <None Include="Scripts\Logics\logic_detonator.dxs">
      <Filter>Source\Scripts\Logics</Filter>
    </None>
    <None Include="Scripts\Logics\logic_detonators.dxs">
      <Filter>Source\Scripts\Logics</Filter>
    </None>
    <None Include="Scripts\Logics\logic_dt_weapon.dxs">
      <Filter>Source\Scripts\Logics</Filter>
    </None>
    <None Include="Scripts\Logics\logic_energy.dxs">
      <Filter>Source\Scripts\Logics</Filter>
    </None>
    <None Include="Scripts\Logics\logic_fusion.dxs">
      <Filter>Source\Scripts\Logics</Filter>
    </None>
    <None Include="Scripts\Logics\logic_g_guard.dxs">
      <Filter>Source\Scripts\Logics</Filter>
    </None>
    <None Include="Scripts\Logics\logic_generator.dxs">
      <Filter>Source\Scripts\Logics</Filter>
    </None>
    <None Include="Scripts\Logics\logic_goggles.dxs">
      <Filter>Source\Scripts\Logics</Filter>
    </None>
    <None Include="Scripts\Logics\logic_i_officer.dxs">
      <Filter>Source\Scripts\Logics</Filter>
    </None>
    <None Include="Scripts\Logics\logic_i_officer1.dxs">
      <Filter>Source\Scripts\Logics</Filter>
    </None>
    <None Include="Scripts\Logics\logic_i_officer2.dxs">
      <Filter>Source\Scripts\Logics</Filter>
    </None>
    <None Include="Scripts\Logics\logic_i_officer3.dxs">
      <Filter>Source\Scripts\Logics</Filter>
    </None>
    <None Include="Scripts\Logics\logic_i_officer4.dxs">
      <Filter>Source\Scripts\Logics</Filter>
    </None>
    <None Include="Scripts\Logics\logic_i_officer5.dxs">
      <Filter>Source\Scripts\Logics</Filter>
    </None>
    <None Include="Scripts\Logics\logic_i_officer6.dxs">
      <Filter>Source\Scripts\Logics</Filter>
    </None>
    <None Include="Scripts\Logics\logic_i_officer7.dxs">
      <Filter>Source\Scripts\Logics</Filter>
    </None>
    <None Include="Scripts\Logics\logic_i_officer8.dxs">
      <Filter>Source\Scripts\Logics</Filter>
    </None>
    <None Include="Scripts\Logics\logic_i_officer9.dxs">
      <Filter>Source\Scripts\Logics</Filter>
    </None>
    <None Include="Scripts\Logics\logic_i_officerr.dxs">
      <Filter>Source\Scripts\Logics</Filter>
    </None>
    <None Include="Scripts\Logics\logic_i_officery.dxs">
      <Filter>Source\Scripts\Logics</Filter>
    </None>
    <None Include="Scripts\Logics\logic_int_droid.dxs">
      <Filter>Source\Scripts\Logics</Filter>
    </None>
    <None Include="Scripts\Logics\logic_invincible.dxs">
      <Filter>Source\Scripts\Logics</Filter>
    </None>
    <None Include="Scripts\Logics\logic_kell.dxs">
      <Filter>Source\Scripts\Logics</Filter>
    </None>
    <None Include="Scripts\Logics\logic_key.dxs">
      <Filter>Source\Scripts\Logics</Filter>
    </None>
    <None Include="Scripts\Logics\logic_land_mine.dxs">
      <Filter>Source\Scripts\Logics</Filter>
    </None>
    <None Include="Scripts\Logics\logic_life.dxs">
      <Filter>Source\Scripts\Logics</Filter>
    </None>
    <None Include="Scripts\Logics\logic_mask.dxs">
      <Filter>Source\Scripts\Logics</Filter>
    </None>
    <None Include="Scripts\Logics\logic_medkit.dxs">
      <Filter>Source\Scripts\Logics</Filter>
    </None>
    <None Include="Scripts\Logics\logic_mine.dxs">
      <Filter>Source\Scripts\Logics</Filter>
    </None>
    <None Include="Scripts\Logics\logic_mines.dxs">
      <Filter>Source\Scripts\Logics</Filter>
    </None>
    <None Include="Scripts\Logics\logic_missiles.dxs">
      <Filter>Source\Scripts\Logics</Filter>
    </None>
    <None Include="Scripts\Logics\logic_mortar.dxs">
      <Filter>Source\Scripts\Logics</Filter>
    </None>
    <None Include="Scripts\Logics\logic_mousebot.dxs">
      <Filter>Source\Scripts\Logics</Filter>
    </None>
    <None Include="Scripts\Logics\logic_nava.dxs">
      <Filter>Source\Scripts\Logics</Filter>
    </None>
    <None Include="Scripts\Logics\logic_phrik.dxs">
      <Filter>Source\Scripts\Logics</Filter>
    </None>
    <None Include="Scripts\Logics\logic_pile.dxs">
      <Filter>Source\Scripts\Logics</Filter>
    </None>
    <None Include="Scripts\Logics\logic_plans.dxs">
      <Filter>Source\Scripts\Logics</Filter>
    </None>
    <None Include="Scripts\Logics\logic_plasma.dxs">
      <Filter>Source\Scripts\Logics</Filter>
    </None>
    <None Include="Scripts\Logics\logic_player.dxs">
      <Filter>Source\Scripts\Logics</Filter>
    </None>
    <None Include="Scripts\Logics\logic_power.dxs">
      <Filter>Source\Scripts\Logics</Filter>
    </None>
    <None Include="Scripts\Logics\logic_probe_droid.dxs">
      <Filter>Source\Scripts\Logics</Filter>
    </None>
    <None Include="Scripts\Logics\logic_red.dxs">
      <Filter>Source\Scripts\Logics</Filter>
    </None>
    <None Include="Scripts\Logics\logic_ree_yees.dxs">
      <Filter>Source\Scripts\Logics</Filter>
    </None>
    <None Include="Scripts\Logics\logic_ree_yees2.dxs">
      <Filter>Source\Scripts\Logics</Filter>
    </None>
    <None Include="Scripts\Logics\logic_remote.dxs">
      <Filter>Source\Scripts\Logics</Filter>
    </None>
    <None Include="Scripts\Logics\logic_revive.dxs">
      <Filter>Source\Scripts\Logics</Filter>
    </None>
    <None Include="Scripts\Logics\logic_rifle.dxs">
      <Filter>Source\Scripts\Logics</Filter>
    </None>
    <None Include="Scripts\Logics\logic_scenery.dxs">
      <Filter>Source\Scripts\Logics</Filter>
    </None>
    <None Include="Scripts\Logics\logic_sewer1.dxs">
      <Filter>Source\Scripts\Logics</Filter>
    </None>
    <None Include="Scripts\Logics\logic_shell.dxs">
      <Filter>Source\Scripts\Logics</Filter>
    </None>
    <None Include="Scripts\Logics\logic_shells.dxs">
      <Filter>Source\Scripts\Logics</Filter>
    </None>
    <None Include="Scripts\Logics\logic_shield.dxs">
      <Filter>Source\Scripts\Logics</Filter>
    </None>
    <None Include="Scripts\Logics\logic_storm1.dxs">
      <Filter>Source\Scripts\Logics</Filter>
    </None>
    <None Include="Scripts\Logics\logic_supercharge.dxs">
      <Filter>Source\Scripts\Logics</Filter>
    </None>
    <None Include="Scripts\Logics\logic_troop.dxs">
      <Filter>Source\Scripts\Logics</Filter>
    </None>
    <None Include="Scripts\Logics\logic_turret.dxs">
      <Filter>Source\Scripts\Logics</Filter>
    </None>
    <None Include="Scripts\Logics\logic_update.dxs">
      <Filter>Source\Scripts\Logics</Filter>
    </None>
    <None Include="Scripts\Logics\logic_welder.dxs">
      <Filter>Source\Scripts\Logics</Filter>
    </None>
    <None Include="Scripts\Logics\logic_template.dxs">
      <Filter>Source\Scripts\Logics</Filter>
    </None>
    <None Include="Scripts\Logics\enemy_states.dxs">
      <Filter>Source\Scripts\Logics</Filter>
    </None>
    <None Include="Scripts\Weapons\weapon_pistol.dxs">
      <Filter>Source\Scripts\Weapons</Filter>
    </None>
    <None Include="Scripts\Weapons\weapon_base.dxs">
      <Filter>Source\Scripts\Weapons</Filter>
    </None>
    <None Include="Scripts\Weapons\weapon_punch.dxs">
      <Filter>Source\Scripts\Weapons</Filter>
    </None>
    <None Include="Scripts\Weapons\weapon_rifle.dxs">
      <Filter>Source\Scripts\Weapons</Filter>
    </None>
    <None Include="Scripts\Logics\basic_enemy.dxs">
      <Filter>Source\Scripts\Logics</Filter>
    </None>
    <None Include="Scripts\Logics\logic_missile.dxs">
      <Filter>Source\Scripts\Logics</Filter>
    </None>
    <None Include="Scripts\Logics\logic_i_officerb.dxs">
      <Filter>Source\Scripts\Logics</Filter>
    </None>
    <None Include="Shaders\blit.frag">
      <Filter>Source\Shaders</Filter>
    </None>
    <None Include="Shaders\blit.vert">
      <Filter>Source\Shaders</Filter>
    </None>
    <None Include="Shaders\grid2d.frag">
      <Filter>Source\Shaders</Filter>
    </None>
    <None Include="Shaders\grid2d.vert">
      <Filter>Source\Shaders</Filter>
    </None>
    <None Include="Shaders\line2d.frag">
      <Filter>Source\Shaders</Filter>
    </None>
    <None Include="Shaders\line2d.vert">
      <Filter>Source\Shaders</Filter>
    </None>
    <None Include="Shaders\tri2dColor.frag">
      <Filter>Source\Shaders</Filter>
    </None>
    <None Include="Shaders\tri2dColor.vert">
      <Filter>Source\Shaders</Filter>
    </None>
    <None Include="Shaders\tri2dTextured.frag">
      <Filter>Source\Shaders</Filter>
    </None>
    <None Include="Shaders\tri2dTextured.vert">
      <Filter>Source\Shaders</Filter>
    </None>
    <None Include="Shaders\grid3d.frag">
      <Filter>Source\Shaders</Filter>
    </None>
    <None Include="Shaders\grid3d.vert">
      <Filter>Source\Shaders</Filter>
    </None>
    <None Include="Shaders\line3d.frag">
      <Filter>Source\Shaders</Filter>
    </None>
    <None Include="Shaders\line3d.vert">
      <Filter>Source\Shaders</Filter>
    </None>
    <None Include="Shaders\tri3dColor.frag">
      <Filter>Source\Shaders</Filter>
    </None>
    <None Include="Shaders\tri3dColor.vert">
      <Filter>Source\Shaders</Filter>
    </None>
    <None Include="Shaders\tri3dTexture.frag">
      <Filter>Source\Shaders</Filter>
    </None>
    <None Include="Shaders\tri3dTexture.vert">
      <Filter>Source\Shaders</Filter>
    </None>
    <None Include="Shaders\tri3dTextureTrans.frag">
      <Filter>Source\Shaders</Filter>
    </None>
    <None Include="Shaders\tri3dTextureClamp.frag">
      <Filter>Source\Shaders</Filter>
    </None>
    <None Include="Documentation\markdown\Inf_Elevators.md">
      <Filter>Documentation\markdown</Filter>
    </None>
    <None Include="Documentation\markdown\Inf_FormattingDifferences.md">
      <Filter>Documentation\markdown</Filter>
    </None>
    <None Include="Documentation\markdown\Inf_Functions.md">
      <Filter>Documentation\markdown</Filter>
    </None>
    <None Include="Documentation\markdown\Inf_InteractiveElements.md">
      <Filter>Documentation\markdown</Filter>
    </None>
    <None Include="Documentation\markdown\Inf_SimpleInteractiveElements.md">
      <Filter>Documentation\markdown</Filter>
    </None>
    <None Include="Documentation\markdown\Inf_Teleporters.md">
      <Filter>Documentation\markdown</Filter>
    </None>
    <None Include="Documentation\markdown\Inf_Triggers.md">
      <Filter>Documentation\markdown</Filter>
    </None>
    <None Include="Documentation\markdown\Inf_Tutorials.md">
      <Filter>Documentation\markdown</Filter>
    </None>
    <None Include="Documentation\markdown\Inf_Variables.md">
      <Filter>Documentation\markdown</Filter>
    </None>
    <None Include="Documentation\markdown\InfScript.md">
      <Filter>Documentation\markdown</Filter>
    </None>
    <None Include="Documentation\markdown\InfTut_BasicDoor.md">
      <Filter>Documentation\markdown</Filter>
    </None>
    <None Include="Documentation\markdown\InfTut_BasicElevator.md">
      <Filter>Documentation\markdown</Filter>
    </None>
    <None Include="Documentation\markdown\InfTut_RedKeyDoor.md">
      <Filter>Documentation\markdown</Filter>
    </None>
    <None Include="Documentation\markdown\InfTut_SwitchDoor.md">
      <Filter>Documentation\markdown</Filter>
    </None>
    <None Include="Documentation\markdown\Level Editor Shortcuts.md">
      <Filter>Documentation\markdown</Filter>
    </None>
    <None Include="Documentation\markdown\Manifesto.md">
      <Filter>Documentation\markdown</Filter>
    </None>
    <None Include="Documentation\markdown\Manual.md">
      <Filter>Documentation\markdown</Filter>
    </None>
    <None Include="Documentation\markdown\About.md">
      <Filter>Documentation\markdown</Filter>
    </None>
    <None Include="Documentation\markdown\Inf_Editor.md">
      <Filter>Documentation\markdown</Filter>
    </None>
    <None Include="Documentation\markdown\Game\About.md">
      <Filter>Documentation\markdown\Game</Filter>
    </None>
    <None Include="Documentation\markdown\Game\TheForceEngine Manual.md">
      <Filter>Documentation\markdown\Game</Filter>
    </None>
    <None Include="Documentation\markdown\Game\GameManual.md">
      <Filter>Documentation\markdown\Game</Filter>
    </None>
    <None Include="Scripts\Weapons\weapon_thermal_det.dxs">
      <Filter>Source\Scripts\Weapons</Filter>
    </None>
  </ItemGroup>
</Project>